# This file is generated by running "yarn install" inside your project.
# Manual changes might be lost - proceed with caution!

__metadata:
  version: 8
  cacheKey: 10c0

"@emnapi/core@npm:^1.4.5":
  version: 1.4.5
  resolution: "@emnapi/core@npm:1.4.5"
  dependencies:
    "@emnapi/wasi-threads": "npm:1.0.4"
    tslib: "npm:^2.4.0"
  checksum: 10c0/da4a57f65f325d720d0e0d1a9c6618b90c4c43a5027834a110476984e1d47c95ebaed4d316b5dddb9c0ed9a493ffeb97d1934f9677035f336d8a36c1f3b2818f
  languageName: node
  linkType: hard

"@emnapi/runtime@npm:^1.4.5":
  version: 1.4.5
  resolution: "@emnapi/runtime@npm:1.4.5"
  dependencies:
    tslib: "npm:^2.4.0"
  checksum: 10c0/37a0278be5ac81e918efe36f1449875cbafba947039c53c65a1f8fc238001b866446fc66041513b286baaff5d6f9bec667f5164b3ca481373a8d9cb65bfc984b
  languageName: node
  linkType: hard

"@emnapi/wasi-threads@npm:1.0.4":
  version: 1.0.4
  resolution: "@emnapi/wasi-threads@npm:1.0.4"
  dependencies:
    tslib: "npm:^2.4.0"
  checksum: 10c0/2c91a53e62f875800baf035c4d42c9c0d18e5afd9a31ca2aac8b435aeaeaeaac386b5b3d0d0e70aa7a5a9852bbe05106b1f680cd82cce03145c703b423d41313
  languageName: node
  linkType: hard

"@module-federation/error-codes@npm:0.17.1":
  version: 0.17.1
  resolution: "@module-federation/error-codes@npm:0.17.1"
  checksum: 10c0/24e99dbb7a918a513ce94ddcf8cc40c16da89ea19cdaa85148ab535c99df45afb4b05a3989113621bd5a0b2d4280492cde4a39cf22a9b38a6a2ef3ce07763806
  languageName: node
  linkType: hard

"@module-federation/runtime-core@npm:0.17.1":
  version: 0.17.1
  resolution: "@module-federation/runtime-core@npm:0.17.1"
  dependencies:
    "@module-federation/error-codes": "npm:0.17.1"
    "@module-federation/sdk": "npm:0.17.1"
  checksum: 10c0/f952bb01e35a39db65ec2fc9da05aff79d621be47d207bc7afaa886116f9d6cfd14e3c58fe8602b301abf6a4e0c086e44a822284756fcef84fe2b0c66d7fe175
  languageName: node
  linkType: hard

"@module-federation/runtime-tools@npm:0.17.1":
  version: 0.17.1
  resolution: "@module-federation/runtime-tools@npm:0.17.1"
  dependencies:
    "@module-federation/runtime": "npm:0.17.1"
    "@module-federation/webpack-bundler-runtime": "npm:0.17.1"
  checksum: 10c0/d766646be3f178e8f0931fbf145223d8bef43da3e63aac9fab99c82e4c9c65f3a78983f1e16bea92aebacb12c2a4c65b74743f75088eba5ce69deff0309ca0fa
  languageName: node
  linkType: hard

"@module-federation/runtime@npm:0.17.1":
  version: 0.17.1
  resolution: "@module-federation/runtime@npm:0.17.1"
  dependencies:
    "@module-federation/error-codes": "npm:0.17.1"
    "@module-federation/runtime-core": "npm:0.17.1"
    "@module-federation/sdk": "npm:0.17.1"
  checksum: 10c0/8bb27a205cc861b6eaa02164a7e2e984785bfb9926cdf3b8fcb44c8d873e617022a002b033f411c1057d8f089e2ab18752e0386638c82ec5f8f9f0e89498129c
  languageName: node
  linkType: hard

"@module-federation/sdk@npm:0.17.1":
  version: 0.17.1
  resolution: "@module-federation/sdk@npm:0.17.1"
  checksum: 10c0/67c9e4870effd2a8908da39dd3d78efea998809a92ef7078092db1e4de65014c679e552ec5e8804eb64a99e394e7882f7e6d889e733d71c6fd4c909c3c34b4e8
  languageName: node
  linkType: hard

"@module-federation/webpack-bundler-runtime@npm:0.17.1":
  version: 0.17.1
  resolution: "@module-federation/webpack-bundler-runtime@npm:0.17.1"
  dependencies:
    "@module-federation/runtime": "npm:0.17.1"
    "@module-federation/sdk": "npm:0.17.1"
  checksum: 10c0/c143c9494e44b4e0b6ed5ded4fcc8525d1bc38bfedd56e94ec8478b697dcfa06545a7bd62ec1b2480fba91557feaa4dce24aaa03089b051c195def3673d191fc
  languageName: node
  linkType: hard

"@napi-rs/wasm-runtime@npm:^1.0.1":
  version: 1.0.3
  resolution: "@napi-rs/wasm-runtime@npm:1.0.3"
  dependencies:
    "@emnapi/core": "npm:^1.4.5"
    "@emnapi/runtime": "npm:^1.4.5"
    "@tybys/wasm-util": "npm:^0.10.0"
  checksum: 10c0/7918d82477e75931b6e35bb003464382eb93e526362f81a98bf8610407a67b10f4d041931015ad48072c89db547deb7e471dfb91f4ab11ac63a24d8580297f75
  languageName: node
  linkType: hard

"@rsbuild/core@npm:^1.4.13":
  version: 1.4.15
  resolution: "@rsbuild/core@npm:1.4.15"
  dependencies:
    "@rspack/core": "npm:1.4.11"
    "@rspack/lite-tapable": "npm:~1.0.1"
    "@swc/helpers": "npm:^0.5.17"
    core-js: "npm:~3.45.0"
    jiti: "npm:^2.5.1"
  bin:
    rsbuild: bin/rsbuild.js
  checksum: 10c0/0b80e79bad382de134be9511e3dbd27d12978b1631c99c5dfaacdc603737a68fb5be1c2ad687dc45378b704e9099c23a0fce8c1e6156517bb88684d4f0de5548
  languageName: node
  linkType: hard

"@rsbuild/plugin-react@npm:^1.3.4":
  version: 1.3.5
  resolution: "@rsbuild/plugin-react@npm:1.3.5"
  dependencies:
    "@rspack/plugin-react-refresh": "npm:~1.4.3"
    react-refresh: "npm:^0.17.0"
  peerDependencies:
    "@rsbuild/core": 1.x
  checksum: 10c0/e54354a26ec858a79ee376a7caf1e82348dfc87bccfe319e02fc5df5c03da8ce57843a31073109170126e12cd4a46f3e645895a8a7585ecf6767f0a20b170fb9
  languageName: node
  linkType: hard

"@rspack/binding-darwin-arm64@npm:1.4.11":
  version: 1.4.11
  resolution: "@rspack/binding-darwin-arm64@npm:1.4.11"
  conditions: os=darwin & cpu=arm64
  languageName: node
  linkType: hard

"@rspack/binding-darwin-x64@npm:1.4.11":
  version: 1.4.11
  resolution: "@rspack/binding-darwin-x64@npm:1.4.11"
  conditions: os=darwin & cpu=x64
  languageName: node
  linkType: hard

"@rspack/binding-linux-arm64-gnu@npm:1.4.11":
  version: 1.4.11
  resolution: "@rspack/binding-linux-arm64-gnu@npm:1.4.11"
  conditions: os=linux & cpu=arm64 & libc=glibc
  languageName: node
  linkType: hard

"@rspack/binding-linux-arm64-musl@npm:1.4.11":
  version: 1.4.11
  resolution: "@rspack/binding-linux-arm64-musl@npm:1.4.11"
  conditions: os=linux & cpu=arm64 & libc=musl
  languageName: node
  linkType: hard

"@rspack/binding-linux-x64-gnu@npm:1.4.11":
  version: 1.4.11
  resolution: "@rspack/binding-linux-x64-gnu@npm:1.4.11"
  conditions: os=linux & cpu=x64 & libc=glibc
  languageName: node
  linkType: hard

"@rspack/binding-linux-x64-musl@npm:1.4.11":
  version: 1.4.11
  resolution: "@rspack/binding-linux-x64-musl@npm:1.4.11"
  conditions: os=linux & cpu=x64 & libc=musl
  languageName: node
  linkType: hard

"@rspack/binding-wasm32-wasi@npm:1.4.11":
  version: 1.4.11
  resolution: "@rspack/binding-wasm32-wasi@npm:1.4.11"
  dependencies:
    "@napi-rs/wasm-runtime": "npm:^1.0.1"
  conditions: cpu=wasm32
  languageName: node
  linkType: hard

"@rspack/binding-win32-arm64-msvc@npm:1.4.11":
  version: 1.4.11
  resolution: "@rspack/binding-win32-arm64-msvc@npm:1.4.11"
  conditions: os=win32 & cpu=arm64
  languageName: node
  linkType: hard

"@rspack/binding-win32-ia32-msvc@npm:1.4.11":
  version: 1.4.11
  resolution: "@rspack/binding-win32-ia32-msvc@npm:1.4.11"
  conditions: os=win32 & cpu=ia32
  languageName: node
  linkType: hard

"@rspack/binding-win32-x64-msvc@npm:1.4.11":
  version: 1.4.11
  resolution: "@rspack/binding-win32-x64-msvc@npm:1.4.11"
  conditions: os=win32 & cpu=x64
  languageName: node
  linkType: hard

"@rspack/binding@npm:1.4.11":
  version: 1.4.11
  resolution: "@rspack/binding@npm:1.4.11"
  dependencies:
    "@rspack/binding-darwin-arm64": "npm:1.4.11"
    "@rspack/binding-darwin-x64": "npm:1.4.11"
    "@rspack/binding-linux-arm64-gnu": "npm:1.4.11"
    "@rspack/binding-linux-arm64-musl": "npm:1.4.11"
    "@rspack/binding-linux-x64-gnu": "npm:1.4.11"
    "@rspack/binding-linux-x64-musl": "npm:1.4.11"
    "@rspack/binding-wasm32-wasi": "npm:1.4.11"
    "@rspack/binding-win32-arm64-msvc": "npm:1.4.11"
    "@rspack/binding-win32-ia32-msvc": "npm:1.4.11"
    "@rspack/binding-win32-x64-msvc": "npm:1.4.11"
  dependenciesMeta:
    "@rspack/binding-darwin-arm64":
      optional: true
    "@rspack/binding-darwin-x64":
      optional: true
    "@rspack/binding-linux-arm64-gnu":
      optional: true
    "@rspack/binding-linux-arm64-musl":
      optional: true
    "@rspack/binding-linux-x64-gnu":
      optional: true
    "@rspack/binding-linux-x64-musl":
      optional: true
    "@rspack/binding-wasm32-wasi":
      optional: true
    "@rspack/binding-win32-arm64-msvc":
      optional: true
    "@rspack/binding-win32-ia32-msvc":
      optional: true
    "@rspack/binding-win32-x64-msvc":
      optional: true
  checksum: 10c0/c02eacc3b88befa38d8043ec58099235e678bad5ec24cb5653f99932dbfcf630481a93cd338f7e60a192c69701aa4db778ca707c3a328ef2af57d55813709b4c
  languageName: node
  linkType: hard

"@rspack/core@npm:1.4.11":
  version: 1.4.11
  resolution: "@rspack/core@npm:1.4.11"
  dependencies:
    "@module-federation/runtime-tools": "npm:0.17.1"
    "@rspack/binding": "npm:1.4.11"
    "@rspack/lite-tapable": "npm:1.0.1"
  peerDependencies:
    "@swc/helpers": ">=0.5.1"
  peerDependenciesMeta:
    "@swc/helpers":
      optional: true
  checksum: 10c0/56a3a98f3472da9d2091425973ded31250a6ea0ab0d66aa188b355ae8675620882b9b2bf9e22593fb0e4371714fa3806fec6663246f8bcc2a04a2c9390aceb9a
  languageName: node
  linkType: hard

"@rspack/lite-tapable@npm:1.0.1, @rspack/lite-tapable@npm:~1.0.1":
  version: 1.0.1
  resolution: "@rspack/lite-tapable@npm:1.0.1"
  checksum: 10c0/90bb1bc414dc51ea2d0933e09f78d25584f3f50a85f4cb8228930bd29e5931bf55eff4f348a06c51dd3149fc73b8ae3920bf0ae5ae8a0c9fe1d9b404e6ecf5b7
  languageName: node
  linkType: hard

"@rspack/plugin-react-refresh@npm:~1.4.3":
  version: 1.4.3
  resolution: "@rspack/plugin-react-refresh@npm:1.4.3"
  dependencies:
    error-stack-parser: "npm:^2.1.4"
    html-entities: "npm:^2.6.0"
  peerDependencies:
    react-refresh: ">=0.10.0 <1.0.0"
    webpack-hot-middleware: 2.x
  peerDependenciesMeta:
    webpack-hot-middleware:
      optional: true
  checksum: 10c0/83547920b61ac1cdad10545b60f6eee01adf7a935d46f962bc79e37ca4063256bb72137361ce63023b282b05b6c686790e5bf175c5bf8f0138d5a303d7c099ea
  languageName: node
  linkType: hard

"@swc/helpers@npm:^0.5.17":
  version: 0.5.17
  resolution: "@swc/helpers@npm:0.5.17"
  dependencies:
    tslib: "npm:^2.8.0"
  checksum: 10c0/fe1f33ebb968558c5a0c595e54f2e479e4609bff844f9ca9a2d1ffd8dd8504c26f862a11b031f48f75c95b0381c2966c3dd156e25942f90089badd24341e7dbb
  languageName: node
  linkType: hard

"@tybys/wasm-util@npm:^0.10.0":
  version: 0.10.0
  resolution: "@tybys/wasm-util@npm:0.10.0"
  dependencies:
    tslib: "npm:^2.4.0"
  checksum: 10c0/044feba55c1e2af703aa4946139969badb183ce1a659a75ed60bc195a90e73a3f3fc53bcd643497c9954597763ddb051fec62f80962b2ca6fc716ba897dc696e
  languageName: node
  linkType: hard

"@types/react-dom@npm:^19.1.7":
  version: 19.1.7
  resolution: "@types/react-dom@npm:19.1.7"
  peerDependencies:
    "@types/react": ^19.0.0
  checksum: 10c0/8db5751c1567552fe4e1ece9f5823b682f2994ec8d30ed34ba0ef984e3c8ace1435f8be93d02f55c350147e78ac8c4dbcd8ed2c3b6a60f575bc5374f588c51c9
  languageName: node
  linkType: hard

"@types/react@npm:^19.1.9":
  version: 19.1.10
  resolution: "@types/react@npm:19.1.10"
  dependencies:
    csstype: "npm:^3.0.2"
  checksum: 10c0/fb583deacd0a815e2775dc1b9f764532d8cacb748ddd2c2914805a46c257ce6c237b4078f44009692074db212ab61a390301c6470f07f5aa5bfdeb78a2acfda1
  languageName: node
  linkType: hard

"core-js@npm:~3.45.0":
  version: 3.45.0
  resolution: "core-js@npm:3.45.0"
  checksum: 10c0/118350f9f1d81f42a1276590d6c217dca04c789fdb8074c82e53056b1a784948769a62b16b98493fd73e8a988545432f302bca798571e56ad881b9c039a5a83c
  languageName: node
  linkType: hard

"csstype@npm:^3.0.2":
  version: 3.1.3
  resolution: "csstype@npm:3.1.3"
  checksum: 10c0/80c089d6f7e0c5b2bd83cf0539ab41474198579584fa10d86d0cafe0642202343cbc119e076a0b1aece191989477081415d66c9fefbf3c957fc2fc4b7009f248
  languageName: node
  linkType: hard

"error-stack-parser@npm:^2.1.4":
  version: 2.1.4
  resolution: "error-stack-parser@npm:2.1.4"
  dependencies:
    stackframe: "npm:^1.3.4"
  checksum: 10c0/7679b780043c98b01fc546725484e0cfd3071bf5c906bbe358722972f04abf4fc3f0a77988017665bab367f6ef3fc2d0185f7528f45966b83e7c99c02d5509b9
  languageName: node
  linkType: hard

"html-entities@npm:^2.6.0":
  version: 2.6.0
  resolution: "html-entities@npm:2.6.0"
  checksum: 10c0/7c8b15d9ea0cd00dc9279f61bab002ba6ca8a7a0f3c36ed2db3530a67a9621c017830d1d2c1c65beb9b8e3436ea663e9cf8b230472e0e413359399413b27c8b7
  languageName: node
  linkType: hard

"jiti@npm:^2.5.1":
  version: 2.5.1
  resolution: "jiti@npm:2.5.1"
  bin:
    jiti: lib/jiti-cli.mjs
  checksum: 10c0/f0a38d7d8842cb35ffe883038166aa2d52ffd21f1a4fc839ae4076ea7301c22a1f11373f8fc52e2667de7acde8f3e092835620dd6f72a0fbe9296b268b0874bb
  languageName: node
  linkType: hard

"prettier@npm:^3.6.2":
  version: 3.6.2
  resolution: "prettier@npm:3.6.2"
  bin:
    prettier: bin/prettier.cjs
  checksum: 10c0/488cb2f2b99ec13da1e50074912870217c11edaddedeadc649b1244c749d15ba94e846423d062e2c4c9ae683e2d65f754de28889ba06e697ac4f988d44f45812
  languageName: node
  linkType: hard

"react-dom@npm:^19.1.1":
  version: 19.1.1
  resolution: "react-dom@npm:19.1.1"
  dependencies:
    scheduler: "npm:^0.26.0"
  peerDependencies:
    react: ^19.1.1
  checksum: 10c0/8c91198510521299c56e4e8d5e3a4508b2734fb5e52f29eeac33811de64e76fe586ad32c32182e2e84e070d98df67125da346c3360013357228172dbcd20bcdd
  languageName: node
  linkType: hard

"react-refresh@npm:^0.17.0":
  version: 0.17.0
  resolution: "react-refresh@npm:0.17.0"
  checksum: 10c0/002cba940384c9930008c0bce26cac97a9d5682bc623112c2268ba0c155127d9c178a9a5cc2212d560088d60dfd503edd808669a25f9b377f316a32361d0b23c
  languageName: node
  linkType: hard

"react@npm:^19.1.1":
  version: 19.1.1
  resolution: "react@npm:19.1.1"
  checksum: 10c0/8c9769a2dfd02e603af6445058325e6c8a24b47b185d0e461f66a6454765ddcaecb3f0a90184836c68bb509f3c38248359edbc42f0d07c23eb500a5c30c87b4e
  languageName: node
  linkType: hard

"scheduler@npm:^0.26.0":
  version: 0.26.0
  resolution: "scheduler@npm:0.26.0"
  checksum: 10c0/5b8d5bfddaae3513410eda54f2268e98a376a429931921a81b5c3a2873aab7ca4d775a8caac5498f8cbc7d0daeab947cf923dbd8e215d61671f9f4e392d34356
  languageName: node
  linkType: hard

"stackframe@npm:^1.3.4":
  version: 1.3.4
  resolution: "stackframe@npm:1.3.4"
  checksum: 10c0/18410f7a1e0c5d211a4effa83bdbf24adbe8faa8c34db52e1cd3e89837518c592be60b60d8b7270ac53eeeb8b807cd11b399a41667f6c9abb41059c3ccc8a989
  languageName: node
  linkType: hard

"toss-simplicity@workspace:.":
  version: 0.0.0-use.local
  resolution: "toss-simplicity@workspace:."
  dependencies:
    "@rsbuild/core": "npm:^1.4.13"
    "@rsbuild/plugin-react": "npm:^1.3.4"
    "@types/react": "npm:^19.1.9"
    "@types/react-dom": "npm:^19.1.7"
    prettier: "npm:^3.6.2"
    react: "npm:^19.1.1"
    react-dom: "npm:^19.1.1"
    typescript: "npm:^5.9.2"
  languageName: unknown
  linkType: soft

"tslib@npm:^2.4.0, tslib@npm:^2.8.0":
  version: 2.8.1
  resolution: "tslib@npm:2.8.1"
  checksum: 10c0/9c4759110a19c53f992d9aae23aac5ced636e99887b51b9e61def52611732872ff7668757d4e4c61f19691e36f4da981cd9485e869b4a7408d689f6bf1f14e62
  languageName: node
  linkType: hard

"typescript@npm:^5.9.2":
  version: 5.9.2
  resolution: "typescript@npm:5.9.2"
  bin:
    tsc: bin/tsc
    tsserver: bin/tsserver
  checksum: 10c0/cd635d50f02d6cf98ed42de2f76289701c1ec587a363369255f01ed15aaf22be0813226bff3c53e99d971f9b540e0b3cc7583dbe05faded49b1b0bed2f638a18
  languageName: node
  linkType: hard

"typescript@patch:typescript@npm%3A^5.9.2#optional!builtin<compat/typescript>":
  version: 5.9.2
  resolution: "typescript@patch:typescript@npm%3A5.9.2#optional!builtin<compat/typescript>::version=5.9.2&hash=5786d5"
  bin:
    tsc: bin/tsc
    tsserver: bin/tsserver
  checksum: 10c0/34d2a8e23eb8e0d1875072064d5e1d9c102e0bdce56a10a25c0b917b8aa9001a9cf5c225df12497e99da107dc379360bc138163c66b55b95f5b105b50578067e
  languageName: node
  linkType: hard
