# This file is generated by running "yarn install" inside your project.
# Manual changes might be lost - proceed with caution!

__metadata:
  version: 8
  cacheKey: 10c0

"@alloc/quick-lru@npm:^5.2.0":
  version: 5.2.0
  resolution: "@alloc/quick-lru@npm:5.2.0"
  checksum: 10c0/7b878c48b9d25277d0e1a9b8b2f2312a314af806b4129dc902f2bc29ab09b58236e53964689feec187b28c80d2203aff03829754773a707a8a5987f1b7682d92
  languageName: node
  linkType: hard

"@babel/code-frame@npm:^7.0.0":
  version: 7.27.1
  resolution: "@babel/code-frame@npm:7.27.1"
  dependencies:
    "@babel/helper-validator-identifier": "npm:^7.27.1"
    js-tokens: "npm:^4.0.0"
    picocolors: "npm:^1.1.1"
  checksum: 10c0/5dd9a18baa5fce4741ba729acc3a3272c49c25cb8736c4b18e113099520e7ef7b545a4096a26d600e4416157e63e87d66db46aa3fbf0a5f2286da2705c12da00
  languageName: node
  linkType: hard

"@babel/helper-validator-identifier@npm:^7.27.1":
  version: 7.27.1
  resolution: "@babel/helper-validator-identifier@npm:7.27.1"
  checksum: 10c0/c558f11c4871d526498e49d07a84752d1800bf72ac0d3dad100309a2eaba24efbf56ea59af5137ff15e3a00280ebe588560534b0e894a4750f8b1411d8f78b84
  languageName: node
  linkType: hard

"@emnapi/core@npm:^1.4.3":
  version: 1.5.0
  resolution: "@emnapi/core@npm:1.5.0"
  dependencies:
    "@emnapi/wasi-threads": "npm:1.1.0"
    tslib: "npm:^2.4.0"
  checksum: 10c0/52ba3485277706d92fa27d92b37e5b4f6ef0742c03ed68f8096f294c6bfa30f0752c82d4c2bfa14bff4dc30d63c9f71a8f9fb64a92743d00807d9e468fafd5ff
  languageName: node
  linkType: hard

"@emnapi/core@npm:^1.4.5":
  version: 1.4.5
  resolution: "@emnapi/core@npm:1.4.5"
  dependencies:
    "@emnapi/wasi-threads": "npm:1.0.4"
    tslib: "npm:^2.4.0"
  checksum: 10c0/da4a57f65f325d720d0e0d1a9c6618b90c4c43a5027834a110476984e1d47c95ebaed4d316b5dddb9c0ed9a493ffeb97d1934f9677035f336d8a36c1f3b2818f
  languageName: node
  linkType: hard

"@emnapi/runtime@npm:^1.4.3":
  version: 1.5.0
  resolution: "@emnapi/runtime@npm:1.5.0"
  dependencies:
    tslib: "npm:^2.4.0"
  checksum: 10c0/a85c9fc4e3af49cbe41e5437e5be2551392a931910cd0a5b5d3572532786927810c9cc1db11b232ec8f9657b33d4e6f7c4f985f1a052917d7cd703b5b2a20faa
  languageName: node
  linkType: hard

"@emnapi/runtime@npm:^1.4.5":
  version: 1.4.5
  resolution: "@emnapi/runtime@npm:1.4.5"
  dependencies:
    tslib: "npm:^2.4.0"
  checksum: 10c0/37a0278be5ac81e918efe36f1449875cbafba947039c53c65a1f8fc238001b866446fc66041513b286baaff5d6f9bec667f5164b3ca481373a8d9cb65bfc984b
  languageName: node
  linkType: hard

"@emnapi/wasi-threads@npm:1.0.4":
  version: 1.0.4
  resolution: "@emnapi/wasi-threads@npm:1.0.4"
  dependencies:
    tslib: "npm:^2.4.0"
  checksum: 10c0/2c91a53e62f875800baf035c4d42c9c0d18e5afd9a31ca2aac8b435aeaeaeaac386b5b3d0d0e70aa7a5a9852bbe05106b1f680cd82cce03145c703b423d41313
  languageName: node
  linkType: hard

"@emnapi/wasi-threads@npm:1.1.0, @emnapi/wasi-threads@npm:^1.0.4":
  version: 1.1.0
  resolution: "@emnapi/wasi-threads@npm:1.1.0"
  dependencies:
    tslib: "npm:^2.4.0"
  checksum: 10c0/e6d54bf2b1e64cdd83d2916411e44e579b6ae35d5def0dea61a3c452d9921373044dff32a8b8473ae60c80692bdc39323e98b96a3f3d87ba6886b24dd0ef7ca1
  languageName: node
  linkType: hard

"@isaacs/fs-minipass@npm:^4.0.0":
  version: 4.0.1
  resolution: "@isaacs/fs-minipass@npm:4.0.1"
  dependencies:
    minipass: "npm:^7.0.4"
  checksum: 10c0/c25b6dc1598790d5b55c0947a9b7d111cfa92594db5296c3b907e2f533c033666f692a3939eadac17b1c7c40d362d0b0635dc874cbfe3e70db7c2b07cc97a5d2
  languageName: node
  linkType: hard

"@jridgewell/gen-mapping@npm:^0.3.5":
  version: 0.3.13
  resolution: "@jridgewell/gen-mapping@npm:0.3.13"
  dependencies:
    "@jridgewell/sourcemap-codec": "npm:^1.5.0"
    "@jridgewell/trace-mapping": "npm:^0.3.24"
  checksum: 10c0/9a7d65fb13bd9aec1fbab74cda08496839b7e2ceb31f5ab922b323e94d7c481ce0fc4fd7e12e2610915ed8af51178bdc61e168e92a8c8b8303b030b03489b13b
  languageName: node
  linkType: hard

"@jridgewell/remapping@npm:^2.3.4":
  version: 2.3.5
  resolution: "@jridgewell/remapping@npm:2.3.5"
  dependencies:
    "@jridgewell/gen-mapping": "npm:^0.3.5"
    "@jridgewell/trace-mapping": "npm:^0.3.24"
  checksum: 10c0/3de494219ffeb2c5c38711d0d7bb128097edf91893090a2dbc8ee0b55d092bb7347b1fd0f478486c5eab010e855c73927b1666f2107516d472d24a73017d1194
  languageName: node
  linkType: hard

"@jridgewell/resolve-uri@npm:^3.1.0":
  version: 3.1.2
  resolution: "@jridgewell/resolve-uri@npm:3.1.2"
  checksum: 10c0/d502e6fb516b35032331406d4e962c21fe77cdf1cbdb49c6142bcbd9e30507094b18972778a6e27cbad756209cfe34b1a27729e6fa08a2eb92b33943f680cf1e
  languageName: node
  linkType: hard

"@jridgewell/sourcemap-codec@npm:^1.4.14, @jridgewell/sourcemap-codec@npm:^1.5.0, @jridgewell/sourcemap-codec@npm:^1.5.5":
  version: 1.5.5
  resolution: "@jridgewell/sourcemap-codec@npm:1.5.5"
  checksum: 10c0/f9e538f302b63c0ebc06eecb1dd9918dd4289ed36147a0ddce35d6ea4d7ebbda243cda7b2213b6a5e1d8087a298d5cf630fb2bd39329cdecb82017023f6081a0
  languageName: node
  linkType: hard

"@jridgewell/trace-mapping@npm:^0.3.24":
  version: 0.3.30
  resolution: "@jridgewell/trace-mapping@npm:0.3.30"
  dependencies:
    "@jridgewell/resolve-uri": "npm:^3.1.0"
    "@jridgewell/sourcemap-codec": "npm:^1.4.14"
  checksum: 10c0/3a1516c10f44613b9ba27c37a02ff8f410893776b2b3dad20a391b51b884dd60f97bbb56936d65d2ff8fe978510a0000266654ab8426bdb9ceb5fb4585b19e23
  languageName: node
  linkType: hard

"@module-federation/error-codes@npm:0.17.1":
  version: 0.17.1
  resolution: "@module-federation/error-codes@npm:0.17.1"
  checksum: 10c0/24e99dbb7a918a513ce94ddcf8cc40c16da89ea19cdaa85148ab535c99df45afb4b05a3989113621bd5a0b2d4280492cde4a39cf22a9b38a6a2ef3ce07763806
  languageName: node
  linkType: hard

"@module-federation/runtime-core@npm:0.17.1":
  version: 0.17.1
  resolution: "@module-federation/runtime-core@npm:0.17.1"
  dependencies:
    "@module-federation/error-codes": "npm:0.17.1"
    "@module-federation/sdk": "npm:0.17.1"
  checksum: 10c0/f952bb01e35a39db65ec2fc9da05aff79d621be47d207bc7afaa886116f9d6cfd14e3c58fe8602b301abf6a4e0c086e44a822284756fcef84fe2b0c66d7fe175
  languageName: node
  linkType: hard

"@module-federation/runtime-tools@npm:0.17.1":
  version: 0.17.1
  resolution: "@module-federation/runtime-tools@npm:0.17.1"
  dependencies:
    "@module-federation/runtime": "npm:0.17.1"
    "@module-federation/webpack-bundler-runtime": "npm:0.17.1"
  checksum: 10c0/d766646be3f178e8f0931fbf145223d8bef43da3e63aac9fab99c82e4c9c65f3a78983f1e16bea92aebacb12c2a4c65b74743f75088eba5ce69deff0309ca0fa
  languageName: node
  linkType: hard

"@module-federation/runtime@npm:0.17.1":
  version: 0.17.1
  resolution: "@module-federation/runtime@npm:0.17.1"
  dependencies:
    "@module-federation/error-codes": "npm:0.17.1"
    "@module-federation/runtime-core": "npm:0.17.1"
    "@module-federation/sdk": "npm:0.17.1"
  checksum: 10c0/8bb27a205cc861b6eaa02164a7e2e984785bfb9926cdf3b8fcb44c8d873e617022a002b033f411c1057d8f089e2ab18752e0386638c82ec5f8f9f0e89498129c
  languageName: node
  linkType: hard

"@module-federation/sdk@npm:0.17.1":
  version: 0.17.1
  resolution: "@module-federation/sdk@npm:0.17.1"
  checksum: 10c0/67c9e4870effd2a8908da39dd3d78efea998809a92ef7078092db1e4de65014c679e552ec5e8804eb64a99e394e7882f7e6d889e733d71c6fd4c909c3c34b4e8
  languageName: node
  linkType: hard

"@module-federation/webpack-bundler-runtime@npm:0.17.1":
  version: 0.17.1
  resolution: "@module-federation/webpack-bundler-runtime@npm:0.17.1"
  dependencies:
    "@module-federation/runtime": "npm:0.17.1"
    "@module-federation/sdk": "npm:0.17.1"
  checksum: 10c0/c143c9494e44b4e0b6ed5ded4fcc8525d1bc38bfedd56e94ec8478b697dcfa06545a7bd62ec1b2480fba91557feaa4dce24aaa03089b051c195def3673d191fc
  languageName: node
  linkType: hard

"@napi-rs/wasm-runtime@npm:^0.2.12":
  version: 0.2.12
  resolution: "@napi-rs/wasm-runtime@npm:0.2.12"
  dependencies:
    "@emnapi/core": "npm:^1.4.3"
    "@emnapi/runtime": "npm:^1.4.3"
    "@tybys/wasm-util": "npm:^0.10.0"
  checksum: 10c0/6d07922c0613aab30c6a497f4df297ca7c54e5b480e00035e0209b872d5c6aab7162fc49477267556109c2c7ed1eb9c65a174e27e9b87568106a87b0a6e3ca7d
  languageName: node
  linkType: hard

"@napi-rs/wasm-runtime@npm:^1.0.1":
  version: 1.0.3
  resolution: "@napi-rs/wasm-runtime@npm:1.0.3"
  dependencies:
    "@emnapi/core": "npm:^1.4.5"
    "@emnapi/runtime": "npm:^1.4.5"
    "@tybys/wasm-util": "npm:^0.10.0"
  checksum: 10c0/7918d82477e75931b6e35bb003464382eb93e526362f81a98bf8610407a67b10f4d041931015ad48072c89db547deb7e471dfb91f4ab11ac63a24d8580297f75
  languageName: node
  linkType: hard

"@rsbuild/core@npm:^1.4.13":
  version: 1.4.15
  resolution: "@rsbuild/core@npm:1.4.15"
  dependencies:
    "@rspack/core": "npm:1.4.11"
    "@rspack/lite-tapable": "npm:~1.0.1"
    "@swc/helpers": "npm:^0.5.17"
    core-js: "npm:~3.45.0"
    jiti: "npm:^2.5.1"
  bin:
    rsbuild: bin/rsbuild.js
  checksum: 10c0/0b80e79bad382de134be9511e3dbd27d12978b1631c99c5dfaacdc603737a68fb5be1c2ad687dc45378b704e9099c23a0fce8c1e6156517bb88684d4f0de5548
  languageName: node
  linkType: hard

"@rsbuild/plugin-react@npm:^1.3.4":
  version: 1.3.5
  resolution: "@rsbuild/plugin-react@npm:1.3.5"
  dependencies:
    "@rspack/plugin-react-refresh": "npm:~1.4.3"
    react-refresh: "npm:^0.17.0"
  peerDependencies:
    "@rsbuild/core": 1.x
  checksum: 10c0/e54354a26ec858a79ee376a7caf1e82348dfc87bccfe319e02fc5df5c03da8ce57843a31073109170126e12cd4a46f3e645895a8a7585ecf6767f0a20b170fb9
  languageName: node
  linkType: hard

"@rspack/binding-darwin-arm64@npm:1.4.11":
  version: 1.4.11
  resolution: "@rspack/binding-darwin-arm64@npm:1.4.11"
  conditions: os=darwin & cpu=arm64
  languageName: node
  linkType: hard

"@rspack/binding-darwin-x64@npm:1.4.11":
  version: 1.4.11
  resolution: "@rspack/binding-darwin-x64@npm:1.4.11"
  conditions: os=darwin & cpu=x64
  languageName: node
  linkType: hard

"@rspack/binding-linux-arm64-gnu@npm:1.4.11":
  version: 1.4.11
  resolution: "@rspack/binding-linux-arm64-gnu@npm:1.4.11"
  conditions: os=linux & cpu=arm64 & libc=glibc
  languageName: node
  linkType: hard

"@rspack/binding-linux-arm64-musl@npm:1.4.11":
  version: 1.4.11
  resolution: "@rspack/binding-linux-arm64-musl@npm:1.4.11"
  conditions: os=linux & cpu=arm64 & libc=musl
  languageName: node
  linkType: hard

"@rspack/binding-linux-x64-gnu@npm:1.4.11":
  version: 1.4.11
  resolution: "@rspack/binding-linux-x64-gnu@npm:1.4.11"
  conditions: os=linux & cpu=x64 & libc=glibc
  languageName: node
  linkType: hard

"@rspack/binding-linux-x64-musl@npm:1.4.11":
  version: 1.4.11
  resolution: "@rspack/binding-linux-x64-musl@npm:1.4.11"
  conditions: os=linux & cpu=x64 & libc=musl
  languageName: node
  linkType: hard

"@rspack/binding-wasm32-wasi@npm:1.4.11":
  version: 1.4.11
  resolution: "@rspack/binding-wasm32-wasi@npm:1.4.11"
  dependencies:
    "@napi-rs/wasm-runtime": "npm:^1.0.1"
  conditions: cpu=wasm32
  languageName: node
  linkType: hard

"@rspack/binding-win32-arm64-msvc@npm:1.4.11":
  version: 1.4.11
  resolution: "@rspack/binding-win32-arm64-msvc@npm:1.4.11"
  conditions: os=win32 & cpu=arm64
  languageName: node
  linkType: hard

"@rspack/binding-win32-ia32-msvc@npm:1.4.11":
  version: 1.4.11
  resolution: "@rspack/binding-win32-ia32-msvc@npm:1.4.11"
  conditions: os=win32 & cpu=ia32
  languageName: node
  linkType: hard

"@rspack/binding-win32-x64-msvc@npm:1.4.11":
  version: 1.4.11
  resolution: "@rspack/binding-win32-x64-msvc@npm:1.4.11"
  conditions: os=win32 & cpu=x64
  languageName: node
  linkType: hard

"@rspack/binding@npm:1.4.11":
  version: 1.4.11
  resolution: "@rspack/binding@npm:1.4.11"
  dependencies:
    "@rspack/binding-darwin-arm64": "npm:1.4.11"
    "@rspack/binding-darwin-x64": "npm:1.4.11"
    "@rspack/binding-linux-arm64-gnu": "npm:1.4.11"
    "@rspack/binding-linux-arm64-musl": "npm:1.4.11"
    "@rspack/binding-linux-x64-gnu": "npm:1.4.11"
    "@rspack/binding-linux-x64-musl": "npm:1.4.11"
    "@rspack/binding-wasm32-wasi": "npm:1.4.11"
    "@rspack/binding-win32-arm64-msvc": "npm:1.4.11"
    "@rspack/binding-win32-ia32-msvc": "npm:1.4.11"
    "@rspack/binding-win32-x64-msvc": "npm:1.4.11"
  dependenciesMeta:
    "@rspack/binding-darwin-arm64":
      optional: true
    "@rspack/binding-darwin-x64":
      optional: true
    "@rspack/binding-linux-arm64-gnu":
      optional: true
    "@rspack/binding-linux-arm64-musl":
      optional: true
    "@rspack/binding-linux-x64-gnu":
      optional: true
    "@rspack/binding-linux-x64-musl":
      optional: true
    "@rspack/binding-wasm32-wasi":
      optional: true
    "@rspack/binding-win32-arm64-msvc":
      optional: true
    "@rspack/binding-win32-ia32-msvc":
      optional: true
    "@rspack/binding-win32-x64-msvc":
      optional: true
  checksum: 10c0/c02eacc3b88befa38d8043ec58099235e678bad5ec24cb5653f99932dbfcf630481a93cd338f7e60a192c69701aa4db778ca707c3a328ef2af57d55813709b4c
  languageName: node
  linkType: hard

"@rspack/core@npm:1.4.11":
  version: 1.4.11
  resolution: "@rspack/core@npm:1.4.11"
  dependencies:
    "@module-federation/runtime-tools": "npm:0.17.1"
    "@rspack/binding": "npm:1.4.11"
    "@rspack/lite-tapable": "npm:1.0.1"
  peerDependencies:
    "@swc/helpers": ">=0.5.1"
  peerDependenciesMeta:
    "@swc/helpers":
      optional: true
  checksum: 10c0/56a3a98f3472da9d2091425973ded31250a6ea0ab0d66aa188b355ae8675620882b9b2bf9e22593fb0e4371714fa3806fec6663246f8bcc2a04a2c9390aceb9a
  languageName: node
  linkType: hard

"@rspack/lite-tapable@npm:1.0.1, @rspack/lite-tapable@npm:~1.0.1":
  version: 1.0.1
  resolution: "@rspack/lite-tapable@npm:1.0.1"
  checksum: 10c0/90bb1bc414dc51ea2d0933e09f78d25584f3f50a85f4cb8228930bd29e5931bf55eff4f348a06c51dd3149fc73b8ae3920bf0ae5ae8a0c9fe1d9b404e6ecf5b7
  languageName: node
  linkType: hard

"@rspack/plugin-react-refresh@npm:~1.4.3":
  version: 1.4.3
  resolution: "@rspack/plugin-react-refresh@npm:1.4.3"
  dependencies:
    error-stack-parser: "npm:^2.1.4"
    html-entities: "npm:^2.6.0"
  peerDependencies:
    react-refresh: ">=0.10.0 <1.0.0"
    webpack-hot-middleware: 2.x
  peerDependenciesMeta:
    webpack-hot-middleware:
      optional: true
  checksum: 10c0/83547920b61ac1cdad10545b60f6eee01adf7a935d46f962bc79e37ca4063256bb72137361ce63023b282b05b6c686790e5bf175c5bf8f0138d5a303d7c099ea
  languageName: node
  linkType: hard

"@swc/helpers@npm:^0.5.17":
  version: 0.5.17
  resolution: "@swc/helpers@npm:0.5.17"
  dependencies:
    tslib: "npm:^2.8.0"
  checksum: 10c0/fe1f33ebb968558c5a0c595e54f2e479e4609bff844f9ca9a2d1ffd8dd8504c26f862a11b031f48f75c95b0381c2966c3dd156e25942f90089badd24341e7dbb
  languageName: node
  linkType: hard

"@tailwindcss/node@npm:4.1.12":
  version: 4.1.12
  resolution: "@tailwindcss/node@npm:4.1.12"
  dependencies:
    "@jridgewell/remapping": "npm:^2.3.4"
    enhanced-resolve: "npm:^5.18.3"
    jiti: "npm:^2.5.1"
    lightningcss: "npm:1.30.1"
    magic-string: "npm:^0.30.17"
    source-map-js: "npm:^1.2.1"
    tailwindcss: "npm:4.1.12"
  checksum: 10c0/8dcf3658126fd9bbd95391226022c1f480beacd7a1304a6afb416361bfab4e09b2c89733061e28d3b7429d3c3f77934c56da9d824aa34433d973adccd2080253
  languageName: node
  linkType: hard

"@tailwindcss/oxide-android-arm64@npm:4.1.12":
  version: 4.1.12
  resolution: "@tailwindcss/oxide-android-arm64@npm:4.1.12"
  conditions: os=android & cpu=arm64
  languageName: node
  linkType: hard

"@tailwindcss/oxide-darwin-arm64@npm:4.1.12":
  version: 4.1.12
  resolution: "@tailwindcss/oxide-darwin-arm64@npm:4.1.12"
  conditions: os=darwin & cpu=arm64
  languageName: node
  linkType: hard

"@tailwindcss/oxide-darwin-x64@npm:4.1.12":
  version: 4.1.12
  resolution: "@tailwindcss/oxide-darwin-x64@npm:4.1.12"
  conditions: os=darwin & cpu=x64
  languageName: node
  linkType: hard

"@tailwindcss/oxide-freebsd-x64@npm:4.1.12":
  version: 4.1.12
  resolution: "@tailwindcss/oxide-freebsd-x64@npm:4.1.12"
  conditions: os=freebsd & cpu=x64
  languageName: node
  linkType: hard

"@tailwindcss/oxide-linux-arm-gnueabihf@npm:4.1.12":
  version: 4.1.12
  resolution: "@tailwindcss/oxide-linux-arm-gnueabihf@npm:4.1.12"
  conditions: os=linux & cpu=arm
  languageName: node
  linkType: hard

"@tailwindcss/oxide-linux-arm64-gnu@npm:4.1.12":
  version: 4.1.12
  resolution: "@tailwindcss/oxide-linux-arm64-gnu@npm:4.1.12"
  conditions: os=linux & cpu=arm64 & libc=glibc
  languageName: node
  linkType: hard

"@tailwindcss/oxide-linux-arm64-musl@npm:4.1.12":
  version: 4.1.12
  resolution: "@tailwindcss/oxide-linux-arm64-musl@npm:4.1.12"
  conditions: os=linux & cpu=arm64 & libc=musl
  languageName: node
  linkType: hard

"@tailwindcss/oxide-linux-x64-gnu@npm:4.1.12":
  version: 4.1.12
  resolution: "@tailwindcss/oxide-linux-x64-gnu@npm:4.1.12"
  conditions: os=linux & cpu=x64 & libc=glibc
  languageName: node
  linkType: hard

"@tailwindcss/oxide-linux-x64-musl@npm:4.1.12":
  version: 4.1.12
  resolution: "@tailwindcss/oxide-linux-x64-musl@npm:4.1.12"
  conditions: os=linux & cpu=x64 & libc=musl
  languageName: node
  linkType: hard

"@tailwindcss/oxide-wasm32-wasi@npm:4.1.12":
  version: 4.1.12
  resolution: "@tailwindcss/oxide-wasm32-wasi@npm:4.1.12"
  dependencies:
    "@emnapi/core": "npm:^1.4.5"
    "@emnapi/runtime": "npm:^1.4.5"
    "@emnapi/wasi-threads": "npm:^1.0.4"
    "@napi-rs/wasm-runtime": "npm:^0.2.12"
    "@tybys/wasm-util": "npm:^0.10.0"
    tslib: "npm:^2.8.0"
  conditions: cpu=wasm32
  languageName: node
  linkType: hard

"@tailwindcss/oxide-win32-arm64-msvc@npm:4.1.12":
  version: 4.1.12
  resolution: "@tailwindcss/oxide-win32-arm64-msvc@npm:4.1.12"
  conditions: os=win32 & cpu=arm64
  languageName: node
  linkType: hard

"@tailwindcss/oxide-win32-x64-msvc@npm:4.1.12":
  version: 4.1.12
  resolution: "@tailwindcss/oxide-win32-x64-msvc@npm:4.1.12"
  conditions: os=win32 & cpu=x64
  languageName: node
  linkType: hard

"@tailwindcss/oxide@npm:4.1.12":
  version: 4.1.12
  resolution: "@tailwindcss/oxide@npm:4.1.12"
  dependencies:
    "@tailwindcss/oxide-android-arm64": "npm:4.1.12"
    "@tailwindcss/oxide-darwin-arm64": "npm:4.1.12"
    "@tailwindcss/oxide-darwin-x64": "npm:4.1.12"
    "@tailwindcss/oxide-freebsd-x64": "npm:4.1.12"
    "@tailwindcss/oxide-linux-arm-gnueabihf": "npm:4.1.12"
    "@tailwindcss/oxide-linux-arm64-gnu": "npm:4.1.12"
    "@tailwindcss/oxide-linux-arm64-musl": "npm:4.1.12"
    "@tailwindcss/oxide-linux-x64-gnu": "npm:4.1.12"
    "@tailwindcss/oxide-linux-x64-musl": "npm:4.1.12"
    "@tailwindcss/oxide-wasm32-wasi": "npm:4.1.12"
    "@tailwindcss/oxide-win32-arm64-msvc": "npm:4.1.12"
    "@tailwindcss/oxide-win32-x64-msvc": "npm:4.1.12"
    detect-libc: "npm:^2.0.4"
    tar: "npm:^7.4.3"
  dependenciesMeta:
    "@tailwindcss/oxide-android-arm64":
      optional: true
    "@tailwindcss/oxide-darwin-arm64":
      optional: true
    "@tailwindcss/oxide-darwin-x64":
      optional: true
    "@tailwindcss/oxide-freebsd-x64":
      optional: true
    "@tailwindcss/oxide-linux-arm-gnueabihf":
      optional: true
    "@tailwindcss/oxide-linux-arm64-gnu":
      optional: true
    "@tailwindcss/oxide-linux-arm64-musl":
      optional: true
    "@tailwindcss/oxide-linux-x64-gnu":
      optional: true
    "@tailwindcss/oxide-linux-x64-musl":
      optional: true
    "@tailwindcss/oxide-wasm32-wasi":
      optional: true
    "@tailwindcss/oxide-win32-arm64-msvc":
      optional: true
    "@tailwindcss/oxide-win32-x64-msvc":
      optional: true
  checksum: 10c0/30ea0c63e2e024636c607c37fadd9a093168d39ffa816f8113183a085595443d533bfb1a62d8f315800b07f5f8e88fd303b4242505cc65d0cfd622ffd50abbe3
  languageName: node
  linkType: hard

"@tailwindcss/postcss@npm:^4.1.12":
  version: 4.1.12
  resolution: "@tailwindcss/postcss@npm:4.1.12"
  dependencies:
    "@alloc/quick-lru": "npm:^5.2.0"
    "@tailwindcss/node": "npm:4.1.12"
    "@tailwindcss/oxide": "npm:4.1.12"
    postcss: "npm:^8.4.41"
    tailwindcss: "npm:4.1.12"
  checksum: 10c0/25f6229bca22bb20513bb75896ff7d195052380a72cb534691860daeca5d5e3a9b80dc66ceb74998f7614293bf0a62c10d85d4ba5d39b6d820faafec9ab1d134
  languageName: node
  linkType: hard

"@tybys/wasm-util@npm:^0.10.0":
  version: 0.10.0
  resolution: "@tybys/wasm-util@npm:0.10.0"
  dependencies:
    tslib: "npm:^2.4.0"
  checksum: 10c0/044feba55c1e2af703aa4946139969badb183ce1a659a75ed60bc195a90e73a3f3fc53bcd643497c9954597763ddb051fec62f80962b2ca6fc716ba897dc696e
  languageName: node
  linkType: hard

"@types/react-dom@npm:^19.1.7":
  version: 19.1.7
  resolution: "@types/react-dom@npm:19.1.7"
  peerDependencies:
    "@types/react": ^19.0.0
  checksum: 10c0/8db5751c1567552fe4e1ece9f5823b682f2994ec8d30ed34ba0ef984e3c8ace1435f8be93d02f55c350147e78ac8c4dbcd8ed2c3b6a60f575bc5374f588c51c9
  languageName: node
  linkType: hard

"@types/react@npm:^19.1.9":
  version: 19.1.10
  resolution: "@types/react@npm:19.1.10"
  dependencies:
    csstype: "npm:^3.0.2"
  checksum: 10c0/fb583deacd0a815e2775dc1b9f764532d8cacb748ddd2c2914805a46c257ce6c237b4078f44009692074db212ab61a390301c6470f07f5aa5bfdeb78a2acfda1
  languageName: node
  linkType: hard

"argparse@npm:^2.0.1":
  version: 2.0.1
  resolution: "argparse@npm:2.0.1"
  checksum: 10c0/c5640c2d89045371c7cedd6a70212a04e360fd34d6edeae32f6952c63949e3525ea77dbec0289d8213a99bbaeab5abfa860b5c12cf88a2e6cf8106e90dd27a7e
  languageName: node
  linkType: hard

"callsites@npm:^3.0.0":
  version: 3.1.0
  resolution: "callsites@npm:3.1.0"
  checksum: 10c0/fff92277400eb06c3079f9e74f3af120db9f8ea03bad0e84d9aede54bbe2d44a56cccb5f6cf12211f93f52306df87077ecec5b712794c5a9b5dac6d615a3f301
  languageName: node
  linkType: hard

"chownr@npm:^3.0.0":
  version: 3.0.0
  resolution: "chownr@npm:3.0.0"
  checksum: 10c0/43925b87700f7e3893296c8e9c56cc58f926411cce3a6e5898136daaf08f08b9a8eb76d37d3267e707d0dcc17aed2e2ebdf5848c0c3ce95cf910a919935c1b10
  languageName: node
  linkType: hard

"core-js@npm:~3.45.0":
  version: 3.45.0
  resolution: "core-js@npm:3.45.0"
  checksum: 10c0/118350f9f1d81f42a1276590d6c217dca04c789fdb8074c82e53056b1a784948769a62b16b98493fd73e8a988545432f302bca798571e56ad881b9c039a5a83c
  languageName: node
  linkType: hard

"cosmiconfig@npm:^9.0.0":
  version: 9.0.0
  resolution: "cosmiconfig@npm:9.0.0"
  dependencies:
    env-paths: "npm:^2.2.1"
    import-fresh: "npm:^3.3.0"
    js-yaml: "npm:^4.1.0"
    parse-json: "npm:^5.2.0"
  peerDependencies:
    typescript: ">=4.9.5"
  peerDependenciesMeta:
    typescript:
      optional: true
  checksum: 10c0/1c1703be4f02a250b1d6ca3267e408ce16abfe8364193891afc94c2d5c060b69611fdc8d97af74b7e6d5d1aac0ab2fb94d6b079573146bc2d756c2484ce5f0ee
  languageName: node
  linkType: hard

"csstype@npm:^3.0.2":
  version: 3.1.3
  resolution: "csstype@npm:3.1.3"
  checksum: 10c0/80c089d6f7e0c5b2bd83cf0539ab41474198579584fa10d86d0cafe0642202343cbc119e076a0b1aece191989477081415d66c9fefbf3c957fc2fc4b7009f248
  languageName: node
  linkType: hard

"detect-libc@npm:^2.0.3, detect-libc@npm:^2.0.4":
  version: 2.0.4
  resolution: "detect-libc@npm:2.0.4"
  checksum: 10c0/c15541f836eba4b1f521e4eecc28eefefdbc10a94d3b8cb4c507689f332cc111babb95deda66f2de050b22122113189986d5190be97d51b5a2b23b938415e67c
  languageName: node
  linkType: hard

"enhanced-resolve@npm:^5.18.3":
  version: 5.18.3
  resolution: "enhanced-resolve@npm:5.18.3"
  dependencies:
    graceful-fs: "npm:^4.2.4"
    tapable: "npm:^2.2.0"
  checksum: 10c0/d413c23c2d494e4c1c9c9ac7d60b812083dc6d446699ed495e69c920988af0a3c66bf3f8d0e7a45cb1686c2d4c1df9f4e7352d973f5b56fe63d8d711dd0ccc54
  languageName: node
  linkType: hard

"env-paths@npm:^2.2.1":
  version: 2.2.1
  resolution: "env-paths@npm:2.2.1"
  checksum: 10c0/285325677bf00e30845e330eec32894f5105529db97496ee3f598478e50f008c5352a41a30e5e72ec9de8a542b5a570b85699cd63bd2bc646dbcb9f311d83bc4
  languageName: node
  linkType: hard

"error-ex@npm:^1.3.1":
  version: 1.3.2
  resolution: "error-ex@npm:1.3.2"
  dependencies:
    is-arrayish: "npm:^0.2.1"
  checksum: 10c0/ba827f89369b4c93382cfca5a264d059dfefdaa56ecc5e338ffa58a6471f5ed93b71a20add1d52290a4873d92381174382658c885ac1a2305f7baca363ce9cce
  languageName: node
  linkType: hard

"error-stack-parser@npm:^2.1.4":
  version: 2.1.4
  resolution: "error-stack-parser@npm:2.1.4"
  dependencies:
    stackframe: "npm:^1.3.4"
  checksum: 10c0/7679b780043c98b01fc546725484e0cfd3071bf5c906bbe358722972f04abf4fc3f0a77988017665bab367f6ef3fc2d0185f7528f45966b83e7c99c02d5509b9
  languageName: node
  linkType: hard

"graceful-fs@npm:^4.2.4":
  version: 4.2.11
  resolution: "graceful-fs@npm:4.2.11"
  checksum: 10c0/386d011a553e02bc594ac2ca0bd6d9e4c22d7fa8cfbfc448a6d148c59ea881b092db9dbe3547ae4b88e55f1b01f7c4a2ecc53b310c042793e63aa44cf6c257f2
  languageName: node
  linkType: hard

"html-entities@npm:^2.6.0":
  version: 2.6.0
  resolution: "html-entities@npm:2.6.0"
  checksum: 10c0/7c8b15d9ea0cd00dc9279f61bab002ba6ca8a7a0f3c36ed2db3530a67a9621c017830d1d2c1c65beb9b8e3436ea663e9cf8b230472e0e413359399413b27c8b7
  languageName: node
  linkType: hard

"import-fresh@npm:^3.3.0":
  version: 3.3.1
  resolution: "import-fresh@npm:3.3.1"
  dependencies:
    parent-module: "npm:^1.0.0"
    resolve-from: "npm:^4.0.0"
  checksum: 10c0/bf8cc494872fef783249709385ae883b447e3eb09db0ebd15dcead7d9afe7224dad7bd7591c6b73b0b19b3c0f9640eb8ee884f01cfaf2887ab995b0b36a0cbec
  languageName: node
  linkType: hard

"is-arrayish@npm:^0.2.1":
  version: 0.2.1
  resolution: "is-arrayish@npm:0.2.1"
  checksum: 10c0/e7fb686a739068bb70f860b39b67afc62acc62e36bb61c5f965768abce1873b379c563e61dd2adad96ebb7edf6651111b385e490cf508378959b0ed4cac4e729
  languageName: node
  linkType: hard

"jiti@npm:^1.20.0":
  version: 1.21.7
  resolution: "jiti@npm:1.21.7"
  bin:
    jiti: bin/jiti.js
  checksum: 10c0/77b61989c758ff32407cdae8ddc77f85e18e1a13fc4977110dbd2e05fc761842f5f71bce684d9a01316e1c4263971315a111385759951080bbfe17cbb5de8f7a
  languageName: node
  linkType: hard

"jiti@npm:^2.5.1":
  version: 2.5.1
  resolution: "jiti@npm:2.5.1"
  bin:
    jiti: lib/jiti-cli.mjs
  checksum: 10c0/f0a38d7d8842cb35ffe883038166aa2d52ffd21f1a4fc839ae4076ea7301c22a1f11373f8fc52e2667de7acde8f3e092835620dd6f72a0fbe9296b268b0874bb
  languageName: node
  linkType: hard

"js-tokens@npm:^4.0.0":
  version: 4.0.0
  resolution: "js-tokens@npm:4.0.0"
  checksum: 10c0/e248708d377aa058eacf2037b07ded847790e6de892bbad3dac0abba2e759cb9f121b00099a65195616badcb6eca8d14d975cb3e89eb1cfda644756402c8aeed
  languageName: node
  linkType: hard

"js-yaml@npm:^4.1.0":
  version: 4.1.0
  resolution: "js-yaml@npm:4.1.0"
  dependencies:
    argparse: "npm:^2.0.1"
  bin:
    js-yaml: bin/js-yaml.js
  checksum: 10c0/184a24b4eaacfce40ad9074c64fd42ac83cf74d8c8cd137718d456ced75051229e5061b8633c3366b8aada17945a7a356b337828c19da92b51ae62126575018f
  languageName: node
  linkType: hard

"json-parse-even-better-errors@npm:^2.3.0":
  version: 2.3.1
  resolution: "json-parse-even-better-errors@npm:2.3.1"
  checksum: 10c0/140932564c8f0b88455432e0f33c4cb4086b8868e37524e07e723f4eaedb9425bdc2bafd71bd1d9765bd15fd1e2d126972bc83990f55c467168c228c24d665f3
  languageName: node
  linkType: hard

"lightningcss-darwin-arm64@npm:1.30.1":
  version: 1.30.1
  resolution: "lightningcss-darwin-arm64@npm:1.30.1"
  conditions: os=darwin & cpu=arm64
  languageName: node
  linkType: hard

"lightningcss-darwin-x64@npm:1.30.1":
  version: 1.30.1
  resolution: "lightningcss-darwin-x64@npm:1.30.1"
  conditions: os=darwin & cpu=x64
  languageName: node
  linkType: hard

"lightningcss-freebsd-x64@npm:1.30.1":
  version: 1.30.1
  resolution: "lightningcss-freebsd-x64@npm:1.30.1"
  conditions: os=freebsd & cpu=x64
  languageName: node
  linkType: hard

"lightningcss-linux-arm-gnueabihf@npm:1.30.1":
  version: 1.30.1
  resolution: "lightningcss-linux-arm-gnueabihf@npm:1.30.1"
  conditions: os=linux & cpu=arm
  languageName: node
  linkType: hard

"lightningcss-linux-arm64-gnu@npm:1.30.1":
  version: 1.30.1
  resolution: "lightningcss-linux-arm64-gnu@npm:1.30.1"
  conditions: os=linux & cpu=arm64 & libc=glibc
  languageName: node
  linkType: hard

"lightningcss-linux-arm64-musl@npm:1.30.1":
  version: 1.30.1
  resolution: "lightningcss-linux-arm64-musl@npm:1.30.1"
  conditions: os=linux & cpu=arm64 & libc=musl
  languageName: node
  linkType: hard

"lightningcss-linux-x64-gnu@npm:1.30.1":
  version: 1.30.1
  resolution: "lightningcss-linux-x64-gnu@npm:1.30.1"
  conditions: os=linux & cpu=x64 & libc=glibc
  languageName: node
  linkType: hard

"lightningcss-linux-x64-musl@npm:1.30.1":
  version: 1.30.1
  resolution: "lightningcss-linux-x64-musl@npm:1.30.1"
  conditions: os=linux & cpu=x64 & libc=musl
  languageName: node
  linkType: hard

"lightningcss-win32-arm64-msvc@npm:1.30.1":
  version: 1.30.1
  resolution: "lightningcss-win32-arm64-msvc@npm:1.30.1"
  conditions: os=win32 & cpu=arm64
  languageName: node
  linkType: hard

"lightningcss-win32-x64-msvc@npm:1.30.1":
  version: 1.30.1
  resolution: "lightningcss-win32-x64-msvc@npm:1.30.1"
  conditions: os=win32 & cpu=x64
  languageName: node
  linkType: hard

"lightningcss@npm:1.30.1":
  version: 1.30.1
  resolution: "lightningcss@npm:1.30.1"
  dependencies:
    detect-libc: "npm:^2.0.3"
    lightningcss-darwin-arm64: "npm:1.30.1"
    lightningcss-darwin-x64: "npm:1.30.1"
    lightningcss-freebsd-x64: "npm:1.30.1"
    lightningcss-linux-arm-gnueabihf: "npm:1.30.1"
    lightningcss-linux-arm64-gnu: "npm:1.30.1"
    lightningcss-linux-arm64-musl: "npm:1.30.1"
    lightningcss-linux-x64-gnu: "npm:1.30.1"
    lightningcss-linux-x64-musl: "npm:1.30.1"
    lightningcss-win32-arm64-msvc: "npm:1.30.1"
    lightningcss-win32-x64-msvc: "npm:1.30.1"
  dependenciesMeta:
    lightningcss-darwin-arm64:
      optional: true
    lightningcss-darwin-x64:
      optional: true
    lightningcss-freebsd-x64:
      optional: true
    lightningcss-linux-arm-gnueabihf:
      optional: true
    lightningcss-linux-arm64-gnu:
      optional: true
    lightningcss-linux-arm64-musl:
      optional: true
    lightningcss-linux-x64-gnu:
      optional: true
    lightningcss-linux-x64-musl:
      optional: true
    lightningcss-win32-arm64-msvc:
      optional: true
    lightningcss-win32-x64-msvc:
      optional: true
  checksum: 10c0/1e1ad908f3c68bf39d964a6735435a8dd5474fb2765076732d64a7b6aa2af1f084da65a9462443a9adfebf7dcfb02fb532fce1d78697f2a9de29c8f40f09aee3
  languageName: node
  linkType: hard

"lines-and-columns@npm:^1.1.6":
  version: 1.2.4
  resolution: "lines-and-columns@npm:1.2.4"
  checksum: 10c0/3da6ee62d4cd9f03f5dc90b4df2540fb85b352081bee77fe4bbcd12c9000ead7f35e0a38b8d09a9bb99b13223446dd8689ff3c4959807620726d788701a83d2d
  languageName: node
  linkType: hard

"magic-string@npm:^0.30.17":
  version: 0.30.18
  resolution: "magic-string@npm:0.30.18"
  dependencies:
    "@jridgewell/sourcemap-codec": "npm:^1.5.5"
  checksum: 10c0/80fba01e13ce1f5c474a0498a5aa462fa158eb56567310747089a0033e432d83a2021ee2c109ac116010cd9dcf90a5231d89fbe3858165f73c00a50a74dbefcd
  languageName: node
  linkType: hard

"minipass@npm:^7.0.4, minipass@npm:^7.1.2":
  version: 7.1.2
  resolution: "minipass@npm:7.1.2"
  checksum: 10c0/b0fd20bb9fb56e5fa9a8bfac539e8915ae07430a619e4b86ff71f5fc757ef3924b23b2c4230393af1eda647ed3d75739e4e0acb250a6b1eb277cf7f8fe449557
  languageName: node
  linkType: hard

"minizlib@npm:^3.0.1":
  version: 3.0.2
  resolution: "minizlib@npm:3.0.2"
  dependencies:
    minipass: "npm:^7.1.2"
  checksum: 10c0/9f3bd35e41d40d02469cb30470c55ccc21cae0db40e08d1d0b1dff01cc8cc89a6f78e9c5d2b7c844e485ec0a8abc2238111213fdc5b2038e6d1012eacf316f78
  languageName: node
  linkType: hard

"mkdirp@npm:^3.0.1":
  version: 3.0.1
  resolution: "mkdirp@npm:3.0.1"
  bin:
    mkdirp: dist/cjs/src/bin.js
  checksum: 10c0/9f2b975e9246351f5e3a40dcfac99fcd0baa31fbfab615fe059fb11e51f10e4803c63de1f384c54d656e4db31d000e4767e9ef076a22e12a641357602e31d57d
  languageName: node
  linkType: hard

"nanoid@npm:^3.3.11":
  version: 3.3.11
  resolution: "nanoid@npm:3.3.11"
  bin:
    nanoid: bin/nanoid.cjs
  checksum: 10c0/40e7f70b3d15f725ca072dfc4f74e81fcf1fbb02e491cf58ac0c79093adc9b0a73b152bcde57df4b79cd097e13023d7504acb38404a4da7bc1cd8e887b82fe0b
  languageName: node
  linkType: hard

"parent-module@npm:^1.0.0":
  version: 1.0.1
  resolution: "parent-module@npm:1.0.1"
  dependencies:
    callsites: "npm:^3.0.0"
  checksum: 10c0/c63d6e80000d4babd11978e0d3fee386ca7752a02b035fd2435960ffaa7219dc42146f07069fb65e6e8bf1caef89daf9af7535a39bddf354d78bf50d8294f556
  languageName: node
  linkType: hard

"parse-json@npm:^5.2.0":
  version: 5.2.0
  resolution: "parse-json@npm:5.2.0"
  dependencies:
    "@babel/code-frame": "npm:^7.0.0"
    error-ex: "npm:^1.3.1"
    json-parse-even-better-errors: "npm:^2.3.0"
    lines-and-columns: "npm:^1.1.6"
  checksum: 10c0/77947f2253005be7a12d858aedbafa09c9ae39eb4863adf330f7b416ca4f4a08132e453e08de2db46459256fb66afaac5ee758b44fe6541b7cdaf9d252e59585
  languageName: node
  linkType: hard

"picocolors@npm:^1.1.1":
  version: 1.1.1
  resolution: "picocolors@npm:1.1.1"
  checksum: 10c0/e2e3e8170ab9d7c7421969adaa7e1b31434f789afb9b3f115f6b96d91945041ac3ceb02e9ec6fe6510ff036bcc0bf91e69a1772edc0b707e12b19c0f2d6bcf58
  languageName: node
  linkType: hard

"postcss-loader@npm:^8.1.1":
  version: 8.1.1
  resolution: "postcss-loader@npm:8.1.1"
  dependencies:
    cosmiconfig: "npm:^9.0.0"
    jiti: "npm:^1.20.0"
    semver: "npm:^7.5.4"
  peerDependencies:
    "@rspack/core": 0.x || 1.x
    postcss: ^7.0.0 || ^8.0.1
    webpack: ^5.0.0
  peerDependenciesMeta:
    "@rspack/core":
      optional: true
    webpack:
      optional: true
  checksum: 10c0/86cde94cd4c7c39892ef9bd4bf09342f422a21789654038694cf2b23c37c0ed9550c73608f656426a6631f0ade1eca82022781831e93d5362afe2f191388b85e
  languageName: node
  linkType: hard

"postcss@npm:^8.4.41, postcss@npm:^8.5.6":
  version: 8.5.6
  resolution: "postcss@npm:8.5.6"
  dependencies:
    nanoid: "npm:^3.3.11"
    picocolors: "npm:^1.1.1"
    source-map-js: "npm:^1.2.1"
  checksum: 10c0/5127cc7c91ed7a133a1b7318012d8bfa112da9ef092dddf369ae699a1f10ebbd89b1b9f25f3228795b84585c72aabd5ced5fc11f2ba467eedf7b081a66fad024
  languageName: node
  linkType: hard

"prettier@npm:^3.6.2":
  version: 3.6.2
  resolution: "prettier@npm:3.6.2"
  bin:
    prettier: bin/prettier.cjs
  checksum: 10c0/488cb2f2b99ec13da1e50074912870217c11edaddedeadc649b1244c749d15ba94e846423d062e2c4c9ae683e2d65f754de28889ba06e697ac4f988d44f45812
  languageName: node
  linkType: hard

"react-dom@npm:^19.1.1":
  version: 19.1.1
  resolution: "react-dom@npm:19.1.1"
  dependencies:
    scheduler: "npm:^0.26.0"
  peerDependencies:
    react: ^19.1.1
  checksum: 10c0/8c91198510521299c56e4e8d5e3a4508b2734fb5e52f29eeac33811de64e76fe586ad32c32182e2e84e070d98df67125da346c3360013357228172dbcd20bcdd
  languageName: node
  linkType: hard

"react-refresh@npm:^0.17.0":
  version: 0.17.0
  resolution: "react-refresh@npm:0.17.0"
  checksum: 10c0/002cba940384c9930008c0bce26cac97a9d5682bc623112c2268ba0c155127d9c178a9a5cc2212d560088d60dfd503edd808669a25f9b377f316a32361d0b23c
  languageName: node
  linkType: hard

"react@npm:^19.1.1":
  version: 19.1.1
  resolution: "react@npm:19.1.1"
  checksum: 10c0/8c9769a2dfd02e603af6445058325e6c8a24b47b185d0e461f66a6454765ddcaecb3f0a90184836c68bb509f3c38248359edbc42f0d07c23eb500a5c30c87b4e
  languageName: node
  linkType: hard

"resolve-from@npm:^4.0.0":
  version: 4.0.0
  resolution: "resolve-from@npm:4.0.0"
  checksum: 10c0/8408eec31a3112ef96e3746c37be7d64020cda07c03a920f5024e77290a218ea758b26ca9529fd7b1ad283947f34b2291c1c0f6aa0ed34acfdda9c6014c8d190
  languageName: node
  linkType: hard

"scheduler@npm:^0.26.0":
  version: 0.26.0
  resolution: "scheduler@npm:0.26.0"
  checksum: 10c0/5b8d5bfddaae3513410eda54f2268e98a376a429931921a81b5c3a2873aab7ca4d775a8caac5498f8cbc7d0daeab947cf923dbd8e215d61671f9f4e392d34356
  languageName: node
  linkType: hard

"semver@npm:^7.5.4":
  version: 7.7.2
  resolution: "semver@npm:7.7.2"
  bin:
    semver: bin/semver.js
  checksum: 10c0/aca305edfbf2383c22571cb7714f48cadc7ac95371b4b52362fb8eeffdfbc0de0669368b82b2b15978f8848f01d7114da65697e56cd8c37b0dab8c58e543f9ea
  languageName: node
  linkType: hard

"source-map-js@npm:^1.2.1":
  version: 1.2.1
  resolution: "source-map-js@npm:1.2.1"
  checksum: 10c0/7bda1fc4c197e3c6ff17de1b8b2c20e60af81b63a52cb32ec5a5d67a20a7d42651e2cb34ebe93833c5a2a084377e17455854fee3e21e7925c64a51b6a52b0faf
  languageName: node
  linkType: hard

"stackframe@npm:^1.3.4":
  version: 1.3.4
  resolution: "stackframe@npm:1.3.4"
  checksum: 10c0/18410f7a1e0c5d211a4effa83bdbf24adbe8faa8c34db52e1cd3e89837518c592be60b60d8b7270ac53eeeb8b807cd11b399a41667f6c9abb41059c3ccc8a989
  languageName: node
  linkType: hard

"tailwindcss@npm:4.1.12, tailwindcss@npm:^4.1.12":
  version: 4.1.12
  resolution: "tailwindcss@npm:4.1.12"
  checksum: 10c0/0e43375d8de91e1c97a60ed7855f1bf02d5cac61a909439afd54462604862ee71706d812c0447a639f2ef98051a8817840b3df6847c7a1ed015f7a910240ffef
  languageName: node
  linkType: hard

"tapable@npm:^2.2.0":
  version: 2.2.3
  resolution: "tapable@npm:2.2.3"
  checksum: 10c0/e57fd8e2d756c317f8726a1bec8f2c904bc42e37fcbd4a78211daeab89f42c734b6a20e61774321f47be9a421da628a0c78b62d36c5ed186f4d5232d09ae15f2
  languageName: node
  linkType: hard

"tar@npm:^7.4.3":
  version: 7.4.3
  resolution: "tar@npm:7.4.3"
  dependencies:
    "@isaacs/fs-minipass": "npm:^4.0.0"
    chownr: "npm:^3.0.0"
    minipass: "npm:^7.1.2"
    minizlib: "npm:^3.0.1"
    mkdirp: "npm:^3.0.1"
    yallist: "npm:^5.0.0"
  checksum: 10c0/d4679609bb2a9b48eeaf84632b6d844128d2412b95b6de07d53d8ee8baf4ca0857c9331dfa510390a0727b550fd543d4d1a10995ad86cdf078423fbb8d99831d
  languageName: node
  linkType: hard

"toss-simplicity@workspace:.":
  version: 0.0.0-use.local
  resolution: "toss-simplicity@workspace:."
  dependencies:
    "@rsbuild/core": "npm:^1.4.13"
    "@rsbuild/plugin-react": "npm:^1.3.4"
    "@tailwindcss/postcss": "npm:^4.1.12"
    "@types/react": "npm:^19.1.9"
    "@types/react-dom": "npm:^19.1.7"
    postcss: "npm:^8.5.6"
    postcss-loader: "npm:^8.1.1"
    prettier: "npm:^3.6.2"
    react: "npm:^19.1.1"
    react-dom: "npm:^19.1.1"
    tailwindcss: "npm:^4.1.12"
    typescript: "npm:^5.9.2"
  languageName: unknown
  linkType: soft

"tslib@npm:^2.4.0, tslib@npm:^2.8.0":
  version: 2.8.1
  resolution: "tslib@npm:2.8.1"
  checksum: 10c0/9c4759110a19c53f992d9aae23aac5ced636e99887b51b9e61def52611732872ff7668757d4e4c61f19691e36f4da981cd9485e869b4a7408d689f6bf1f14e62
  languageName: node
  linkType: hard

"typescript@npm:^5.9.2":
  version: 5.9.2
  resolution: "typescript@npm:5.9.2"
  bin:
    tsc: bin/tsc
    tsserver: bin/tsserver
  checksum: 10c0/cd635d50f02d6cf98ed42de2f76289701c1ec587a363369255f01ed15aaf22be0813226bff3c53e99d971f9b540e0b3cc7583dbe05faded49b1b0bed2f638a18
  languageName: node
  linkType: hard

"typescript@patch:typescript@npm%3A^5.9.2#optional!builtin<compat/typescript>":
  version: 5.9.2
  resolution: "typescript@patch:typescript@npm%3A5.9.2#optional!builtin<compat/typescript>::version=5.9.2&hash=5786d5"
  bin:
    tsc: bin/tsc
    tsserver: bin/tsserver
  checksum: 10c0/34d2a8e23eb8e0d1875072064d5e1d9c102e0bdce56a10a25c0b917b8aa9001a9cf5c225df12497e99da107dc379360bc138163c66b55b95f5b105b50578067e
  languageName: node
  linkType: hard

"yallist@npm:^5.0.0":
  version: 5.0.0
  resolution: "yallist@npm:5.0.0"
  checksum: 10c0/a499c81ce6d4a1d260d4ea0f6d49ab4da09681e32c3f0472dee16667ed69d01dae63a3b81745a24bd78476ec4fcf856114cb4896ace738e01da34b2c42235416
  languageName: node
  linkType: hard
